
Microsoft Visual Studio Solution File, Format Version 12.00
# Visual Studio Version 17
VisualStudioVersion = 17.0.32126.317
MinimumVisualStudioVersion = 10.0.40219.1
Project("{9A19103F-16F7-4668-BE54-9A1E7A4F7556}") = "AspNetCore.CacheMiddleware", "AspNetCore.CacheMiddleware\AspNetCore.CacheMiddleware.csproj", "{34DF80AD-3580-49E0-80EC-DBBBB9E188C9}"
EndProject
Project("{FAE04EC0-301F-11D3-BF4B-00C04F79EFBC}") = "AspNetCore.CacheMiddleware.Samples", "AspNetCore.CacheMiddleware.Samples\AspNetCore.CacheMiddleware.Samples.csproj", "{69D76FD1-AEDB-4A8B-99C3-BEDBCBE02D65}"
EndProject
Global
	GlobalSection(SolutionConfigurationPlatforms) = preSolution
		Debug|Any CPU = Debug|Any CPU
		Release|Any CPU = Release|Any CPU
	EndGlobalSection
	GlobalSection(ProjectConfigurationPlatforms) = postSolution
		{34DF80AD-3580-49E0-80EC-DBBBB9E188C9}.Debug|Any CPU.ActiveCfg = Debug|Any CPU
		{34DF80AD-3580-49E0-80EC-DBBBB9E188C9}.Debug|Any CPU.Build.0 = Debug|Any CPU
		{34DF80AD-3580-49E0-80EC-DBBBB9E188C9}.Release|Any CPU.ActiveCfg = Release|Any CPU
		{34DF80AD-3580-49E0-80EC-DBBBB9E188C9}.Release|Any CPU.Build.0 = Release|Any CPU
		{69D76FD1-AEDB-4A8B-99C3-BEDBCBE02D65}.Debug|Any CPU.ActiveCfg = Debug|Any CPU
		{69D76FD1-AEDB-4A8B-99C3-BEDBCBE02D65}.Debug|Any CPU.Build.0 = Debug|Any CPU
		{69D76FD1-AEDB-4A8B-99C3-BEDBCBE02D65}.Release|Any CPU.ActiveCfg = Release|Any CPU
		{69D76FD1-AEDB-4A8B-99C3-BEDBCBE02D65}.Release|Any CPU.Build.0 = Release|Any CPU
	EndGlobalSection
	GlobalSection(SolutionProperties) = preSolution
		HideSolutionNode = FALSE
	EndGlobalSection
	GlobalSection(ExtensibilityGlobals) = postSolution
		SolutionGuid = {053473E2-4091-4EC6-8C18-EB497C5494DF}
	EndGlobalSection
EndGlobal
